// !$*UTF8*$!
{
	archiveVersion = 1;
	classes = {
	};
	objectVersion = 46;
	objects = {

/* Begin PBXBuildFile section */
		737ECBBC1B14CF8200F30EAD /* AppDelegate.swift in Sources */ = {isa = PBXBuildFile; fileRef = 737ECBBB1B14CF8200F30EAD /* AppDelegate.swift */; };
		737ECBBE1B14CF8200F30EAD /* ViewController.swift in Sources */ = {isa = PBXBuildFile; fileRef = 737ECBBD1B14CF8200F30EAD /* ViewController.swift */; };
		737ECBC11B14CF8200F30EAD /* Main.storyboard in Resources */ = {isa = PBXBuildFile; fileRef = 737ECBBF1B14CF8200F30EAD /* Main.storyboard */; };
		737ECBC31B14CF8200F30EAD /* Images.xcassets in Resources */ = {isa = PBXBuildFile; fileRef = 737ECBC21B14CF8200F30EAD /* Images.xcassets */; };
		737ECBC61B14CF8200F30EAD /* LaunchScreen.xib in Resources */ = {isa = PBXBuildFile; fileRef = 737ECBC41B14CF8200F30EAD /* LaunchScreen.xib */; };
		737ECBD21B14CF8200F30EAD /* PROJ1ITests.swift in Sources */ = {isa = PBXBuildFile; fileRef = 737ECBD11B14CF8200F30EAD /* PROJ1ITests.swift */; };
		737ECBDC1B14CFA500F30EAD /* List.swift in Sources */ = {isa = PBXBuildFile; fileRef = 737ECBDB1B14CFA500F30EAD /* List.swift */; };
/* End PBXBuildFile section */

/* Begin PBXContainerItemProxy section */
		737ECBCC1B14CF8200F30EAD /* PBXContainerItemProxy */ = {
			isa = PBXContainerItemProxy;
			containerPortal = 737ECBAE1B14CF8200F30EAD /* Project object */;
			proxyType = 1;
			remoteGlobalIDString = 737ECBB51B14CF8200F30EAD;
			remoteInfo = PROJ1I;
		};
/* End PBXContainerItemProxy section */

/* Begin PBXFileReference section */
		737ECBB61B14CF8200F30EAD /* PROJ1I.app */ = {isa = PBXFileReference; explicitFileType = wrapper.application; includeInIndex = 0; path = PROJ1I.app; sourceTree = BUILT_PRODUCTS_DIR; };
		737ECBBA1B14CF8200F30EAD /* Info.plist */ = {isa = PBXFileReference; lastKnownFileType = text.plist.xml; path = Info.plist; sourceTree = "<group>"; };
		737ECBBB1B14CF8200F30EAD /* AppDelegate.swift */ = {isa = PBXFileReference; lastKnownFileType = sourcecode.swift; path = AppDelegate.swift; sourceTree = "<group>"; };
		737ECBBD1B14CF8200F30EAD /* ViewController.swift */ = {isa = PBXFileReference; lastKnownFileType = sourcecode.swift; path = ViewController.swift; sourceTree = "<group>"; };
		737ECBC01B14CF8200F30EAD /* Base */ = {isa = PBXFileReference; lastKnownFileType = file.storyboard; name = Base; path = Base.lproj/Main.storyboard; sourceTree = "<group>"; };
		737ECBC21B14CF8200F30EAD /* Images.xcassets */ = {isa = PBXFileReference; lastKnownFileType = folder.assetcatalog; path = Images.xcassets; sourceTree = "<group>"; };
		737ECBC51B14CF8200F30EAD /* Base */ = {isa = PBXFileReference; lastKnownFileType = file.xib; name = Base; path = Base.lproj/LaunchScreen.xib; sourceTree = "<group>"; };
		737ECBCB1B14CF8200F30EAD /* PROJ1ITests.xctest */ = {isa = PBXFileReference; explicitFileType = wrapper.cfbundle; includeInIndex = 0; path = PROJ1ITests.xctest; sourceTree = BUILT_PRODUCTS_DIR; };
		737ECBD01B14CF8200F30EAD /* Info.plist */ = {isa = PBXFileReference; lastKnownFileType = text.plist.xml; path = Info.plist; sourceTree = "<group>"; };
		737ECBD11B14CF8200F30EAD /* PROJ1ITests.swift */ = {isa = PBXFileReference; lastKnownFileType = sourcecode.swift; path = PROJ1ITests.swift; sourceTree = "<group>"; };
		737ECBDB1B14CFA500F30EAD /* List.swift */ = {isa = PBXFileReference; fileEncoding = 4; lastKnownFileType = sourcecode.swift; name = List.swift; path = ../List.swift; sourceTree = "<group>"; };
/* End PBXFileReference section */

/* Begin PBXFrameworksBuildPhase section */
		737ECBB31B14CF8200F30EAD /* Frameworks */ = {
			isa = PBXFrameworksBuildPhase;
			buildActionMask = 2147483647;
			files = (
			);
			runOnlyForDeploymentPostprocessing = 0;
		};
		737ECBC81B14CF8200F30EAD /* Frameworks */ = {
			isa = PBXFrameworksBuildPhase;
			buildActionMask = 2147483647;
			files = (
			);
			runOnlyForDeploymentPostprocessing = 0;
		};
/* End PBXFrameworksBuildPhase section */

/* Begin PBXGroup section */
		737ECBAD1B14CF8200F30EAD = {
			isa = PBXGroup;
			children = (
				737ECBB81B14CF8200F30EAD /* PROJ1I */,
				737ECBCE1B14CF8200F30EAD /* PROJ1ITests */,
				737ECBB71B14CF8200F30EAD /* Products */,
			);
			sourceTree = "<group>";
		};
		737ECBB71B14CF8200F30EAD /* Products */ = {
			isa = PBXGroup;
			children = (
				737ECBB61B14CF8200F30EAD /* PROJ1I.app */,
				737ECBCB1B14CF8200F30EAD /* PROJ1ITests.xctest */,
			);
			name = Products;
			sourceTree = "<group>";
		};
		737ECBB81B14CF8200F30EAD /* PROJ1I */ = {
			isa = PBXGroup;
			children = (
				737ECBDB1B14CFA500F30EAD /* List.swift */,
				737ECBBB1B14CF8200F30EAD /* AppDelegate.swift */,
				737ECBBD1B14CF8200F30EAD /* ViewController.swift */,
				737ECBBF1B14CF8200F30EAD /* Main.storyboard */,
				737ECBC21B14CF8200F30EAD /* Images.xcassets */,
				737ECBC41B14CF8200F30EAD /* LaunchScreen.xib */,
				737ECBB91B14CF8200F30EAD /* Supporting Files */,
			);
			path = PROJ1I;
			sourceTree = "<group>";
		};
		737ECBB91B14CF8200F30EAD /* Supporting Files */ = {
			isa = PBXGroup;
			children = (
				737ECBBA1B14CF8200F30EAD /* Info.plist */,
			);
			name = "Supporting Files";
			sourceTree = "<group>";
		};
		737ECBCE1B14CF8200F30EAD /* PROJ1ITests */ = {
			isa = PBXGroup;
			children = (
				737ECBD11B14CF8200F30EAD /* PROJ1ITests.swift */,
				737ECBCF1B14CF8200F30EAD /* Supporting Files */,
			);
			path = PROJ1ITests;
			sourceTree = "<group>";
		};
		737ECBCF1B14CF8200F30EAD /* Supporting Files */ = {
			isa = PBXGroup;
			children = (
				737ECBD01B14CF8200F30EAD /* Info.plist */,
			);
			name = "Supporting Files";
			sourceTree = "<group>";
		};
/* End PBXGroup section */

/* Begin PBXNativeTarget section */
		737ECBB51B14CF8200F30EAD /* PROJ1I */ = {
			isa = PBXNativeTarget;
			buildConfigurationList = 737ECBD51B14CF8200F30EAD /* Build configuration list for PBXNativeTarget "PROJ1I" */;
			buildPhases = (
				737ECBB21B14CF8200F30EAD /* Sources */,
				737ECBB31B14CF8200F30EAD /* Frameworks */,
				737ECBB41B14CF8200F30EAD /* Resources */,
			);
			buildRules = (
			);
			dependencies = (
			);
			name = PROJ1I;
			productName = PROJ1I;
			productReference = 737ECBB61B14CF8200F30EAD /* PROJ1I.app */;
			productType = "com.apple.product-type.application";
		};
		737ECBCA1B14CF8200F30EAD /* PROJ1ITests */ = {
			isa = PBXNativeTarget;
			buildConfigurationList = 737ECBD81B14CF8200F30EAD /* Build configuration list for PBXNativeTarget "PROJ1ITests" */;
			buildPhases = (
				737ECBC71B14CF8200F30EAD /* Sources */,
				737ECBC81B14CF8200F30EAD /* Frameworks */,
				737ECBC91B14CF8200F30EAD /* Resources */,
			);
			buildRules = (
			);
			dependencies = (
				737ECBCD1B14CF8200F30EAD /* PBXTargetDependency */,
			);
			name = PROJ1ITests;
			productName = PROJ1ITests;
			productReference = 737ECBCB1B14CF8200F30EAD /* PROJ1ITests.xctest */;
			productType = "com.apple.product-type.bundle.unit-test";
		};
/* End PBXNativeTarget section */

/* Begin PBXProject section */
		737ECBAE1B14CF8200F30EAD /* Project object */ = {
			isa = PBXProject;
			attributes = {
				LastUpgradeCheck = 0630;
				ORGANIZATIONNAME = "Nuno Batalha";
				TargetAttributes = {
					737ECBB51B14CF8200F30EAD = {
						CreatedOnToolsVersion = 6.3.2;
					};
					737ECBCA1B14CF8200F30EAD = {
						CreatedOnToolsVersion = 6.3.2;
						TestTargetID = 737ECBB51B14CF8200F30EAD;
					};
				};
			};
			buildConfigurationList = 737ECBB11B14CF8200F30EAD /* Build configuration list for PBXProject "PROJ1I" */;
			compatibilityVersion = "Xcode 3.2";
			developmentRegion = English;
			hasScannedForEncodings = 0;
			knownRegions = (
				en,
				Base,
			);
			mainGroup = 737ECBAD1B14CF8200F30EAD;
			productRefGroup = 737ECBB71B14CF8200F30EAD /* Products */;
			projectDirPath = "";
			projectRoot = "";
			targets = (
				737ECBB51B14CF8200F30EAD /* PROJ1I */,
				737ECBCA1B14CF8200F30EAD /* PROJ1ITests */,
			);
		};
/* End PBXProject section */

/* Begin PBXResourcesBuildPhase section */
		737ECBB41B14CF8200F30EAD /* Resources */ = {
			isa = PBXResourcesBuildPhase;
			buildActionMask = 2147483647;
			files = (
				737ECBC11B14CF8200F30EAD /* Main.storyboard in Resources */,
				737ECBC61B14CF8200F30EAD /* LaunchScreen.xib in Resources */,
				737ECBC31B14CF8200F30EAD /* Images.xcassets in Resources */,
			);
			runOnlyForDeploymentPostprocessing = 0;
		};
		737ECBC91B14CF8200F30EAD /* Resources */ = {
			isa = PBXResourcesBuildPhase;
			buildActionMask = 2147483647;
			files = (
			);
			runOnlyForDeploymentPostprocessing = 0;
		};
/* End PBXResourcesBuildPhase section */

/* Begin PBXSourcesBuildPhase section */
		737ECBB21B14CF8200F30EAD /* Sources */ = {
			isa = PBXSourcesBuildPhase;
			buildActionMask = 2147483647;
			files = (
				737ECBBE1B14CF8200F30EAD /* ViewController.swift in Sources */,
				737ECBBC1B14CF8200F30EAD /* AppDelegate.swift in Sources */,
				737ECBDC1B14CFA500F30EAD /* List.swift in Sources */,
			);
			runOnlyForDeploymentPostprocessing = 0;
		};
		737ECBC71B14CF8200F30EAD /* Sources */ = {
			isa = PBXSourcesBuildPhase;
			buildActionMask = 2147483647;
			files = (
				737ECBD21B14CF8200F30EAD /* PROJ1ITests.swift in Sources */,
			);
			runOnlyForDeploymentPostprocessing = 0;
		};
/* End PBXSourcesBuildPhase section */

/* Begin PBXTargetDependency section */
		737ECBCD1B14CF8200F30EAD /* PBXTargetDependency */ = {
			isa = PBXTargetDependency;
			target = 737ECBB51B14CF8200F30EAD /* PROJ1I */;
			targetProxy = 737ECBCC1B14CF8200F30EAD /* PBXContainerItemProxy */;
		};
/* End PBXTargetDependency section */

/* Begin PBXVariantGroup section */
		737ECBBF1B14CF8200F30EAD /* Main.storyboard */ = {
			isa = PBXVariantGroup;
			children = (
				737ECBC01B14CF8200F30EAD /* Base */,
			);
			name = Main.storyboard;
			sourceTree = "<group>";
		};
		737ECBC41B14CF8200F30EAD /* LaunchScreen.xib */ = {
			isa = PBXVariantGroup;
			children = (
				737ECBC51B14CF8200F30EAD /* Base */,
			);
			name = LaunchScreen.xib;
			sourceTree = "<group>";
		};
/* End PBXVariantGroup section */

/* Begin XCBuildConfiguration section */
		737ECBD31B14CF8200F30EAD /* Debug */ = {
			isa = XCBuildConfiguration;
			buildSettings = {
				ALWAYS_SEARCH_USER_PATHS = NO;
				CLANG_CXX_LANGUAGE_STANDARD = "gnu++0x";
				CLANG_CXX_LIBRARY = "libc++";
				CLANG_ENABLE_MODULES = YES;
				CLANG_ENABLE_OBJC_ARC = YES;
				CLANG_WARN_BOOL_CONVERSION = YES;
				CLANG_WARN_CONSTANT_CONVERSION = YES;
				CLANG_WARN_DIRECT_OBJC_ISA_USAGE = YES_ERROR;
				CLANG_WARN_EMPTY_BODY = YES;
				CLANG_WARN_ENUM_CONVERSION = YES;
				CLANG_WARN_INT_CONVERSION = YES;
				CLANG_WARN_OBJC_ROOT_CLASS = YES_ERROR;
				CLANG_WARN_UNREACHABLE_CODE = YES;
				CLANG_WARN__DUPLICATE_METHOD_MATCH = YES;
				"CODE_SIGN_IDENTITY[sdk=iphoneos*]" = "iPhone Developer";
				COPY_PHASE_STRIP = NO;
				DEBUG_INFORMATION_FORMAT = "dwarf-with-dsym";
				ENABLE_STRICT_OBJC_MSGSEND = YES;
				GCC_C_LANGUAGE_STANDARD = gnu99;
				GCC_DYNAMIC_NO_PIC = NO;
				GCC_NO_COMMON_BLOCKS = YES;
				GCC_OPTIMIZATION_LEVEL = 0;
				GCC_PREPROCESSOR_DEFINITIONS = (
					"DEBUG=1",
					"$(inherited)",
				);
				GCC_SYMBOLS_PRIVATE_EXTERN = NO;
				GCC_WARN_64_TO_32_BIT_CONVERSION = YES;
				GCC_WARN_ABOUT_RETURN_TYPE = YES_ERROR;
				GCC_WARN_UNDECLARED_SELECTOR = YES;
				GCC_WARN_UNINITIALIZED_AUTOS = YES_AGGRESSIVE;
				GCC_WARN_UNUSED_FUNCTION = YES;
				GCC_WARN_UNUSED_VARIABLE = YES;
				IPHONEOS_DEPLOYMENT_TARGET = 8.3;
				MTL_ENABLE_DEBUG_INFO = YES;
				ONLY_ACTIVE_ARCH = YES;
				SDKROOT = iphoneos;
				SWIFT_OPTIMIZATION_LEVEL = "-Onone";
			};
			name = Debug;
		};
		737ECBD41B14CF8200F30EAD /* Release */ = {
			isa = XCBuildConfiguration;
			buildSettings = {
				ALWAYS_SEARCH_USER_PATHS = NO;
				CLANG_CXX_LANGUAGE_STANDARD = "gnu++0x";
				CLANG_CXX_LIBRARY = "libc++";
				CLANG_ENABLE_MODULES = YES;
				CLANG_ENABLE_OBJC_ARC = YES;
				CLANG_WARN_BOOL_CONVERSION = YES;
				CLANG_WARN_CONSTANT_CONVERSION = YES;
				CLANG_WARN_DIRECT_OBJC_ISA_USAGE = YES_ERROR;
				CLANG_WARN_EMPTY_BODY = YES;
				CLANG_WARN_ENUM_CONVERSION = YES;
				CLANG_WARN_INT_CONVERSION = YES;
				CLANG_WARN_OBJC_ROOT_CLASS = YES_ERROR;
				CLANG_WARN_UNREACHABLE_CODE = YES;
				CLANG_WARN__DUPLICATE_METHOD_MATCH = YES;
				"CODE_SIGN_IDENTITY[sdk=iphoneos*]" = "iPhone Developer";
				COPY_PHASE_STRIP = NO;
				DEBUG_INFORMATION_FORMAT = "dwarf-with-dsym";
				ENABLE_NS_ASSERTIONS = NO;
				ENABLE_STRICT_OBJC_MSGSEND = YES;
				GCC_C_LANGUAGE_STANDARD = gnu99;
				GCC_NO_COMMON_BLOCKS = YES;
				GCC_WARN_64_TO_32_BIT_CONVERSION = YES;
				GCC_WARN_ABOUT_RETURN_TYPE = YES_ERROR;
				GCC_WARN_UNDECLARED_SELECTOR = YES;
				GCC_WARN_UNINITIALIZED_AUTOS = YES_AGGRESSIVE;
				GCC_WARN_UNUSED_FUNCTION = YES;
				GCC_WARN_UNUSED_VARIABLE = YES;
				IPHONEOS_DEPLOYMENT_TARGET = 8.3;
				MTL_ENABLE_DEBUG_INFO = NO;
				SDKROOT = iphoneos;
				VALIDATE_PRODUCT = YES;
			};
			name = Release;
		};
		737ECBD61B14CF8200F30EAD /* Debug */ = {
			isa = XCBuildConfiguration;
			buildSettings = {
				ASSETCATALOG_COMPILER_APPICON_NAME = AppIcon;
				INFOPLIST_FILE = PROJ1I/Info.plist;
				LD_RUNPATH_SEARCH_PATHS = "$(inherited) @executable_path/Frameworks";
				PRODUCT_NAME = "$(TARGET_NAME)";
			};
			name = Debug;
		};
		737ECBD71B14CF8200F30EAD /* Release */ = {
			isa = XCBuildConfiguration;
			buildSettings = {
				ASSETCATALOG_COMPILER_APPICON_NAME = AppIcon;
				INFOPLIST_FILE = PROJ1I/Info.plist;
				LD_RUNPATH_SEARCH_PATHS = "$(inherited) @executable_path/Frameworks";
				PRODUCT_NAME = "$(TARGET_NAME)";
			};
			name = Release;
		};
		737ECBD91B14CF8200F30EAD /* Debug */ = {
			isa = XCBuildConfiguration;
			buildSettings = {
				BUNDLE_LOADER = "$(TEST_HOST)";
				FRAMEWORK_SEARCH_PATHS = (
					"$(SDKROOT)/Developer/Library/Frameworks",
					"$(inherited)",
				);
				GCC_PREPROCESSOR_DEFINITIONS = (
					"DEBUG=1",
					"$(inherited)",
				);
				INFOPLIST_FILE = PROJ1ITests/Info.plist;
				LD_RUNPATH_SEARCH_PATHS = "$(inherited) @executable_path/Frameworks @loader_path/Frameworks";
				PRODUCT_NAME = "$(TARGET_NAME)";
				TEST_HOST = "$(BUILT_PRODUCTS_DIR)/PROJ1I.app/PROJ1I";
			};
			name = Debug;
		};
		737ECBDA1B14CF8200F30EAD /* Release */ = {
			isa = XCBuildConfiguration;
			buildSettings = {
				BUNDLE_LOADER = "$(TEST_HOST)";
				FRAMEWORK_SEARCH_PATHS = (
					"$(SDKROOT)/Developer/Library/Frameworks",
					"$(inherited)",
				);
				INFOPLIST_FILE = PROJ1ITests/Info.plist;
				LD_RUNPATH_SEARCH_PATHS = "$(inherited) @executable_path/Frameworks @loader_path/Frameworks";
				PRODUCT_NAME = "$(TARGET_NAME)";
				TEST_HOST = "$(BUILT_PRODUCTS_DIR)/PROJ1I.app/PROJ1I";
			};
			name = Release;
		};
/* End XCBuildConfiguration section */

/* Begin XCConfigurationList section */
		737ECBB11B14CF8200F30EAD /* Build configuration list for PBXProject "PROJ1I" */ = {
			isa = XCConfigurationList;
			buildConfigurations = (
				737ECBD31B14CF8200F30EAD /* Debug */,
				737ECBD41B14CF8200F30EAD /* Release */,
			);
			defaultConfigurationIsVisible = 0;
			defaultConfigurationName = Release;
		};
		737ECBD51B14CF8200F30EAD /* Build configuration list for PBXNativeTarget "PROJ1I" */ = {
			isa = XCConfigurationList;
			buildConfigurations = (
				737ECBD61B14CF8200F30EAD /* Debug */,
				737ECBD71B14CF8200F30EAD /* Release */,
			);
			defaultConfigurationIsVisible = 0;
		};
		737ECBD81B14CF8200F30EAD /* Build configuration list for PBXNativeTarget "PROJ1ITests" */ = {
			isa = XCConfigurationList;
			buildConfigurations = (
				737ECBD91B14CF8200F30EAD /* Debug */,
				737ECBDA1B14CF8200F30EAD /* Release */,
			);
			defaultConfigurationIsVisible = 0;
		};
/* End XCConfigurationList section */
	};
	rootObject = 737ECBAE1B14CF8200F30EAD /* Project object */;
}
